{
  "requires": true,
  "lockfileVersion": 1,
  "dependencies": {
    "g": {
      "version": "2.0.1",
      "resolved": "https://registry.npmjs.org/g/-/g-2.0.1.tgz",
      "integrity": "sha1-C1lj69DKcOO8jGdmk0oCGCHIuFc="
    },
    "juncture": {
      "version": "0.0.1",
      "resolved": "https://registry.npmjs.org/juncture/-/juncture-0.0.1.tgz",
      "integrity": "sha1-Jje4clMbnnmycQWLVuBIW95wokg="
    }
  }
}
